
Microsoft Visual Studio Solution File, Format Version 12.00
# Visual Studio Version 16
VisualStudioVersion = 16.0.31702.278
MinimumVisualStudioVersion = 10.0.40219.1
Project("{FAE04EC0-301F-11D3-BF4B-00C04F79EFBC}") = "PaymentAPI", "PaymentAPI\PaymentAPI.csproj", "{A5D94F6B-8A29-40A1-9BB7-0DB9134537AE}"
EndProject
Global
	GlobalSection(SolutionConfigurationPlatforms) = preSolution
		Debug|Any CPU = Debug|Any CPU
		Release|Any CPU = Release|Any CPU
	EndGlobalSection
	GlobalSection(ProjectConfigurationPlatforms) = postSolution
		{A5D94F6B-8A29-40A1-9BB7-0DB9134537AE}.Debug|Any CPU.ActiveCfg = Debug|Any CPU
		{A5D94F6B-8A29-40A1-9BB7-0DB9134537AE}.Debug|Any CPU.Build.0 = Debug|Any CPU
		{A5D94F6B-8A29-40A1-9BB7-0DB9134537AE}.Release|Any CPU.ActiveCfg = Release|Any CPU
		{A5D94F6B-8A29-40A1-9BB7-0DB9134537AE}.Release|Any CPU.Build.0 = Release|Any CPU
	EndGlobalSection
	GlobalSection(SolutionProperties) = preSolution
		HideSolutionNode = FALSE
	EndGlobalSection
	GlobalSection(ExtensibilityGlobals) = postSolution
		SolutionGuid = {CC8579C8-8C9F-4843-858E-2286EDCF6352}
	EndGlobalSection
EndGlobal
